// !$*UTF8*$!
{
	archiveVersion = 1;
	classes = {
	};
	objectVersion = 46;
	objects = {

/* Begin PBXBuildFile section */
		C7B8B5001AC32D2A00948899 /* main.m in Sources */ = {isa = PBXBuildFile; fileRef = C7B8B4FF1AC32D2A00948899 /* main.m */; };
		C7B8B5031AC32D2A00948899 /* AppDelegate.m in Sources */ = {isa = PBXBuildFile; fileRef = C7B8B5021AC32D2A00948899 /* AppDelegate.m */; };
		C7B8B5061AC32D2A00948899 /* ViewController.m in Sources */ = {isa = PBXBuildFile; fileRef = C7B8B5051AC32D2A00948899 /* ViewController.m */; };
		C7B8B5091AC32D2A00948899 /* Main.storyboard in Resources */ = {isa = PBXBuildFile; fileRef = C7B8B5071AC32D2A00948899 /* Main.storyboard */; };
		C7B8B50B1AC32D2A00948899 /* Images.xcassets in Resources */ = {isa = PBXBuildFile; fileRef = C7B8B50A1AC32D2A00948899 /* Images.xcassets */; };
		C7B8B50E1AC32D2A00948899 /* LaunchScreen.xib in Resources */ = {isa = PBXBuildFile; fileRef = C7B8B50C1AC32D2A00948899 /* LaunchScreen.xib */; };
		C7B8B51A1AC32D2A00948899 /* PizzaHunterTests.m in Sources */ = {isa = PBXBuildFile; fileRef = C7B8B5191AC32D2A00948899 /* PizzaHunterTests.m */; };
/* End PBXBuildFile section */

/* Begin PBXContainerItemProxy section */
		C7B8B5141AC32D2A00948899 /* PBXContainerItemProxy */ = {
			isa = PBXContainerItemProxy;
			containerPortal = C7B8B4F21AC32D2A00948899 /* Project object */;
			proxyType = 1;
			remoteGlobalIDString = C7B8B4F91AC32D2A00948899;
			remoteInfo = PizzaHunter;
		};
/* End PBXContainerItemProxy section */

/* Begin PBXFileReference section */
		C7B8B4FA1AC32D2A00948899 /* PizzaHunter.app */ = {isa = PBXFileReference; explicitFileType = wrapper.application; includeInIndex = 0; path = PizzaHunter.app; sourceTree = BUILT_PRODUCTS_DIR; };
		C7B8B4FE1AC32D2A00948899 /* Info.plist */ = {isa = PBXFileReference; lastKnownFileType = text.plist.xml; path = Info.plist; sourceTree = "<group>"; };
		C7B8B4FF1AC32D2A00948899 /* main.m */ = {isa = PBXFileReference; lastKnownFileType = sourcecode.c.objc; path = main.m; sourceTree = "<group>"; };
		C7B8B5011AC32D2A00948899 /* AppDelegate.h */ = {isa = PBXFileReference; lastKnownFileType = sourcecode.c.h; path = AppDelegate.h; sourceTree = "<group>"; };
		C7B8B5021AC32D2A00948899 /* AppDelegate.m */ = {isa = PBXFileReference; lastKnownFileType = sourcecode.c.objc; path = AppDelegate.m; sourceTree = "<group>"; };
		C7B8B5041AC32D2A00948899 /* ViewController.h */ = {isa = PBXFileReference; lastKnownFileType = sourcecode.c.h; path = ViewController.h; sourceTree = "<group>"; };
		C7B8B5051AC32D2A00948899 /* ViewController.m */ = {isa = PBXFileReference; lastKnownFileType = sourcecode.c.objc; path = ViewController.m; sourceTree = "<group>"; };
		C7B8B5081AC32D2A00948899 /* Base */ = {isa = PBXFileReference; lastKnownFileType = file.storyboard; name = Base; path = Base.lproj/Main.storyboard; sourceTree = "<group>"; };
		C7B8B50A1AC32D2A00948899 /* Images.xcassets */ = {isa = PBXFileReference; lastKnownFileType = folder.assetcatalog; path = Images.xcassets; sourceTree = "<group>"; };
		C7B8B50D1AC32D2A00948899 /* Base */ = {isa = PBXFileReference; lastKnownFileType = file.xib; name = Base; path = Base.lproj/LaunchScreen.xib; sourceTree = "<group>"; };
		C7B8B5131AC32D2A00948899 /* PizzaHunterTests.xctest */ = {isa = PBXFileReference; explicitFileType = wrapper.cfbundle; includeInIndex = 0; path = PizzaHunterTests.xctest; sourceTree = BUILT_PRODUCTS_DIR; };
		C7B8B5181AC32D2A00948899 /* Info.plist */ = {isa = PBXFileReference; lastKnownFileType = text.plist.xml; path = Info.plist; sourceTree = "<group>"; };
		C7B8B5191AC32D2A00948899 /* PizzaHunterTests.m */ = {isa = PBXFileReference; lastKnownFileType = sourcecode.c.objc; path = PizzaHunterTests.m; sourceTree = "<group>"; };
/* End PBXFileReference section */

/* Begin PBXFrameworksBuildPhase section */
		C7B8B4F71AC32D2A00948899 /* Frameworks */ = {
			isa = PBXFrameworksBuildPhase;
			buildActionMask = 2147483647;
			files = (
			);
			runOnlyForDeploymentPostprocessing = 0;
		};
		C7B8B5101AC32D2A00948899 /* Frameworks */ = {
			isa = PBXFrameworksBuildPhase;
			buildActionMask = 2147483647;
			files = (
			);
			runOnlyForDeploymentPostprocessing = 0;
		};
/* End PBXFrameworksBuildPhase section */

/* Begin PBXGroup section */
		C7B8B4F11AC32D2A00948899 = {
			isa = PBXGroup;
			children = (
				C7B8B4FC1AC32D2A00948899 /* PizzaHunter */,
				C7B8B5161AC32D2A00948899 /* PizzaHunterTests */,
				C7B8B4FB1AC32D2A00948899 /* Products */,
			);
			sourceTree = "<group>";
		};
		C7B8B4FB1AC32D2A00948899 /* Products */ = {
			isa = PBXGroup;
			children = (
				C7B8B4FA1AC32D2A00948899 /* PizzaHunter.app */,
				C7B8B5131AC32D2A00948899 /* PizzaHunterTests.xctest */,
			);
			name = Products;
			sourceTree = "<group>";
		};
		C7B8B4FC1AC32D2A00948899 /* PizzaHunter */ = {
			isa = PBXGroup;
			children = (
				C7B8B5011AC32D2A00948899 /* AppDelegate.h */,
				C7B8B5021AC32D2A00948899 /* AppDelegate.m */,
				C7B8B5041AC32D2A00948899 /* ViewController.h */,
				C7B8B5051AC32D2A00948899 /* ViewController.m */,
				C7B8B5071AC32D2A00948899 /* Main.storyboard */,
				C7B8B50A1AC32D2A00948899 /* Images.xcassets */,
				C7B8B50C1AC32D2A00948899 /* LaunchScreen.xib */,
				C7B8B4FD1AC32D2A00948899 /* Supporting Files */,
			);
			path = PizzaHunter;
			sourceTree = "<group>";
		};
		C7B8B4FD1AC32D2A00948899 /* Supporting Files */ = {
			isa = PBXGroup;
			children = (
				C7B8B4FE1AC32D2A00948899 /* Info.plist */,
				C7B8B4FF1AC32D2A00948899 /* main.m */,
			);
			name = "Supporting Files";
			sourceTree = "<group>";
		};
		C7B8B5161AC32D2A00948899 /* PizzaHunterTests */ = {
			isa = PBXGroup;
			children = (
				C7B8B5191AC32D2A00948899 /* PizzaHunterTests.m */,
				C7B8B5171AC32D2A00948899 /* Supporting Files */,
			);
			path = PizzaHunterTests;
			sourceTree = "<group>";
		};
		C7B8B5171AC32D2A00948899 /* Supporting Files */ = {
			isa = PBXGroup;
			children = (
				C7B8B5181AC32D2A00948899 /* Info.plist */,
			);
			name = "Supporting Files";
			sourceTree = "<group>";
		};
/* End PBXGroup section */

/* Begin PBXNativeTarget section */
		C7B8B4F91AC32D2A00948899 /* PizzaHunter */ = {
			isa = PBXNativeTarget;
			buildConfigurationList = C7B8B51D1AC32D2A00948899 /* Build configuration list for PBXNativeTarget "PizzaHunter" */;
			buildPhases = (
				C7B8B4F61AC32D2A00948899 /* Sources */,
				C7B8B4F71AC32D2A00948899 /* Frameworks */,
				C7B8B4F81AC32D2A00948899 /* Resources */,
			);
			buildRules = (
			);
			dependencies = (
			);
			name = PizzaHunter;
			productName = PizzaHunter;
			productReference = C7B8B4FA1AC32D2A00948899 /* PizzaHunter.app */;
			productType = "com.apple.product-type.application";
		};
		C7B8B5121AC32D2A00948899 /* PizzaHunterTests */ = {
			isa = PBXNativeTarget;
			buildConfigurationList = C7B8B5201AC32D2A00948899 /* Build configuration list for PBXNativeTarget "PizzaHunterTests" */;
			buildPhases = (
				C7B8B50F1AC32D2A00948899 /* Sources */,
				C7B8B5101AC32D2A00948899 /* Frameworks */,
				C7B8B5111AC32D2A00948899 /* Resources */,
			);
			buildRules = (
			);
			dependencies = (
				C7B8B5151AC32D2A00948899 /* PBXTargetDependency */,
			);
			name = PizzaHunterTests;
			productName = PizzaHunterTests;
			productReference = C7B8B5131AC32D2A00948899 /* PizzaHunterTests.xctest */;
			productType = "com.apple.product-type.bundle.unit-test";
		};
/* End PBXNativeTarget section */

/* Begin PBXProject section */
		C7B8B4F21AC32D2A00948899 /* Project object */ = {
			isa = PBXProject;
			attributes = {
				LastUpgradeCheck = 0620;
				ORGANIZATIONNAME = "Micah Lanier Design and Illustration";
				TargetAttributes = {
					C7B8B4F91AC32D2A00948899 = {
						CreatedOnToolsVersion = 6.2;
					};
					C7B8B5121AC32D2A00948899 = {
						CreatedOnToolsVersion = 6.2;
						TestTargetID = C7B8B4F91AC32D2A00948899;
					};
				};
			};
			buildConfigurationList = C7B8B4F51AC32D2A00948899 /* Build configuration list for PBXProject "PizzaHunter" */;
			compatibilityVersion = "Xcode 3.2";
			developmentRegion = English;
			hasScannedForEncodings = 0;
			knownRegions = (
				en,
				Base,
			);
			mainGroup = C7B8B4F11AC32D2A00948899;
			productRefGroup = C7B8B4FB1AC32D2A00948899 /* Products */;
			projectDirPath = "";
			projectRoot = "";
			targets = (
				C7B8B4F91AC32D2A00948899 /* PizzaHunter */,
				C7B8B5121AC32D2A00948899 /* PizzaHunterTests */,
			);
		};
/* End PBXProject section */

/* Begin PBXResourcesBuildPhase section */
		C7B8B4F81AC32D2A00948899 /* Resources */ = {
			isa = PBXResourcesBuildPhase;
			buildActionMask = 2147483647;
			files = (
				C7B8B5091AC32D2A00948899 /* Main.storyboard in Resources */,
				C7B8B50E1AC32D2A00948899 /* LaunchScreen.xib in Resources */,
				C7B8B50B1AC32D2A00948899 /* Images.xcassets in Resources */,
			);
			runOnlyForDeploymentPostprocessing = 0;
		};
		C7B8B5111AC32D2A00948899 /* Resources */ = {
			isa = PBXResourcesBuildPhase;
			buildActionMask = 2147483647;
			files = (
			);
			runOnlyForDeploymentPostprocessing = 0;
		};
/* End PBXResourcesBuildPhase section */

/* Begin PBXSourcesBuildPhase section */
		C7B8B4F61AC32D2A00948899 /* Sources */ = {
			isa = PBXSourcesBuildPhase;
			buildActionMask = 2147483647;
			files = (
				C7B8B5061AC32D2A00948899 /* ViewController.m in Sources */,
				C7B8B5031AC32D2A00948899 /* AppDelegate.m in Sources */,
				C7B8B5001AC32D2A00948899 /* main.m in Sources */,
			);
			runOnlyForDeploymentPostprocessing = 0;
		};
		C7B8B50F1AC32D2A00948899 /* Sources */ = {
			isa = PBXSourcesBuildPhase;
			buildActionMask = 2147483647;
			files = (
				C7B8B51A1AC32D2A00948899 /* PizzaHunterTests.m in Sources */,
			);
			runOnlyForDeploymentPostprocessing = 0;
		};
/* End PBXSourcesBuildPhase section */

/* Begin PBXTargetDependency section */
		C7B8B5151AC32D2A00948899 /* PBXTargetDependency */ = {
			isa = PBXTargetDependency;
			target = C7B8B4F91AC32D2A00948899 /* PizzaHunter */;
			targetProxy = C7B8B5141AC32D2A00948899 /* PBXContainerItemProxy */;
		};
/* End PBXTargetDependency section */

/* Begin PBXVariantGroup section */
		C7B8B5071AC32D2A00948899 /* Main.storyboard */ = {
			isa = PBXVariantGroup;
			children = (
				C7B8B5081AC32D2A00948899 /* Base */,
			);
			name = Main.storyboard;
			sourceTree = "<group>";
		};
		C7B8B50C1AC32D2A00948899 /* LaunchScreen.xib */ = {
			isa = PBXVariantGroup;
			children = (
				C7B8B50D1AC32D2A00948899 /* Base */,
			);
			name = LaunchScreen.xib;
			sourceTree = "<group>";
		};
/* End PBXVariantGroup section */

/* Begin XCBuildConfiguration section */
		C7B8B51B1AC32D2A00948899 /* Debug */ = {
			isa = XCBuildConfiguration;
			buildSettings = {
				ALWAYS_SEARCH_USER_PATHS = NO;
				CLANG_CXX_LANGUAGE_STANDARD = "gnu++0x";
				CLANG_CXX_LIBRARY = "libc++";
				CLANG_ENABLE_MODULES = YES;
				CLANG_ENABLE_OBJC_ARC = YES;
				CLANG_WARN_BOOL_CONVERSION = YES;
				CLANG_WARN_CONSTANT_CONVERSION = YES;
				CLANG_WARN_DIRECT_OBJC_ISA_USAGE = YES_ERROR;
				CLANG_WARN_EMPTY_BODY = YES;
				CLANG_WARN_ENUM_CONVERSION = YES;
				CLANG_WARN_INT_CONVERSION = YES;
				CLANG_WARN_OBJC_ROOT_CLASS = YES_ERROR;
				CLANG_WARN_UNREACHABLE_CODE = YES;
				CLANG_WARN__DUPLICATE_METHOD_MATCH = YES;
				"CODE_SIGN_IDENTITY[sdk=iphoneos*]" = "iPhone Developer";
				COPY_PHASE_STRIP = NO;
				ENABLE_STRICT_OBJC_MSGSEND = YES;
				GCC_C_LANGUAGE_STANDARD = gnu99;
				GCC_DYNAMIC_NO_PIC = NO;
				GCC_OPTIMIZATION_LEVEL = 0;
				GCC_PREPROCESSOR_DEFINITIONS = (
					"DEBUG=1",
					"$(inherited)",
				);
				GCC_SYMBOLS_PRIVATE_EXTERN = NO;
				GCC_WARN_64_TO_32_BIT_CONVERSION = YES;
				GCC_WARN_ABOUT_RETURN_TYPE = YES_ERROR;
				GCC_WARN_UNDECLARED_SELECTOR = YES;
				GCC_WARN_UNINITIALIZED_AUTOS = YES_AGGRESSIVE;
				GCC_WARN_UNUSED_FUNCTION = YES;
				GCC_WARN_UNUSED_VARIABLE = YES;
				IPHONEOS_DEPLOYMENT_TARGET = 8.2;
				MTL_ENABLE_DEBUG_INFO = YES;
				ONLY_ACTIVE_ARCH = YES;
				SDKROOT = iphoneos;
			};
			name = Debug;
		};
		C7B8B51C1AC32D2A00948899 /* Release */ = {
			isa = XCBuildConfiguration;
			buildSettings = {
				ALWAYS_SEARCH_USER_PATHS = NO;
				CLANG_CXX_LANGUAGE_STANDARD = "gnu++0x";
				CLANG_CXX_LIBRARY = "libc++";
				CLANG_ENABLE_MODULES = YES;
				CLANG_ENABLE_OBJC_ARC = YES;
				CLANG_WARN_BOOL_CONVERSION = YES;
				CLANG_WARN_CONSTANT_CONVERSION = YES;
				CLANG_WARN_DIRECT_OBJC_ISA_USAGE = YES_ERROR;
				CLANG_WARN_EMPTY_BODY = YES;
				CLANG_WARN_ENUM_CONVERSION = YES;
				CLANG_WARN_INT_CONVERSION = YES;
				CLANG_WARN_OBJC_ROOT_CLASS = YES_ERROR;
				CLANG_WARN_UNREACHABLE_CODE = YES;
				CLANG_WARN__DUPLICATE_METHOD_MATCH = YES;
				"CODE_SIGN_IDENTITY[sdk=iphoneos*]" = "iPhone Developer";
				COPY_PHASE_STRIP = NO;
				ENABLE_NS_ASSERTIONS = NO;
				ENABLE_STRICT_OBJC_MSGSEND = YES;
				GCC_C_LANGUAGE_STANDARD = gnu99;
				GCC_WARN_64_TO_32_BIT_CONVERSION = YES;
				GCC_WARN_ABOUT_RETURN_TYPE = YES_ERROR;
				GCC_WARN_UNDECLARED_SELECTOR = YES;
				GCC_WARN_UNINITIALIZED_AUTOS = YES_AGGRESSIVE;
				GCC_WARN_UNUSED_FUNCTION = YES;
				GCC_WARN_UNUSED_VARIABLE = YES;
				IPHONEOS_DEPLOYMENT_TARGET = 8.2;
				MTL_ENABLE_DEBUG_INFO = NO;
				SDKROOT = iphoneos;
				VALIDATE_PRODUCT = YES;
			};
			name = Release;
		};
		C7B8B51E1AC32D2A00948899 /* Debug */ = {
			isa = XCBuildConfiguration;
			buildSettings = {
				ASSETCATALOG_COMPILER_APPICON_NAME = AppIcon;
				INFOPLIST_FILE = PizzaHunter/Info.plist;
				LD_RUNPATH_SEARCH_PATHS = "$(inherited) @executable_path/Frameworks";
				PRODUCT_NAME = "$(TARGET_NAME)";
			};
			name = Debug;
		};
		C7B8B51F1AC32D2A00948899 /* Release */ = {
			isa = XCBuildConfiguration;
			buildSettings = {
				ASSETCATALOG_COMPILER_APPICON_NAME = AppIcon;
				INFOPLIST_FILE = PizzaHunter/Info.plist;
				LD_RUNPATH_SEARCH_PATHS = "$(inherited) @executable_path/Frameworks";
				PRODUCT_NAME = "$(TARGET_NAME)";
			};
			name = Release;
		};
		C7B8B5211AC32D2A00948899 /* Debug */ = {
			isa = XCBuildConfiguration;
			buildSettings = {
				BUNDLE_LOADER = "$(TEST_HOST)";
				FRAMEWORK_SEARCH_PATHS = (
					"$(SDKROOT)/Developer/Library/Frameworks",
					"$(inherited)",
				);
				GCC_PREPROCESSOR_DEFINITIONS = (
					"DEBUG=1",
					"$(inherited)",
				);
				INFOPLIST_FILE = PizzaHunterTests/Info.plist;
				LD_RUNPATH_SEARCH_PATHS = "$(inherited) @executable_path/Frameworks @loader_path/Frameworks";
				PRODUCT_NAME = "$(TARGET_NAME)";
				TEST_HOST = "$(BUILT_PRODUCTS_DIR)/PizzaHunter.app/PizzaHunter";
			};
			name = Debug;
		};
		C7B8B5221AC32D2A00948899 /* Release */ = {
			isa = XCBuildConfiguration;
			buildSettings = {
				BUNDLE_LOADER = "$(TEST_HOST)";
				FRAMEWORK_SEARCH_PATHS = (
					"$(SDKROOT)/Developer/Library/Frameworks",
					"$(inherited)",
				);
				INFOPLIST_FILE = PizzaHunterTests/Info.plist;
				LD_RUNPATH_SEARCH_PATHS = "$(inherited) @executable_path/Frameworks @loader_path/Frameworks";
				PRODUCT_NAME = "$(TARGET_NAME)";
				TEST_HOST = "$(BUILT_PRODUCTS_DIR)/PizzaHunter.app/PizzaHunter";
			};
			name = Release;
		};
/* End XCBuildConfiguration section */

/* Begin XCConfigurationList section */
		C7B8B4F51AC32D2A00948899 /* Build configuration list for PBXProject "PizzaHunter" */ = {
			isa = XCConfigurationList;
			buildConfigurations = (
				C7B8B51B1AC32D2A00948899 /* Debug */,
				C7B8B51C1AC32D2A00948899 /* Release */,
			);
			defaultConfigurationIsVisible = 0;
			defaultConfigurationName = Release;
		};
		C7B8B51D1AC32D2A00948899 /* Build configuration list for PBXNativeTarget "PizzaHunter" */ = {
			isa = XCConfigurationList;
			buildConfigurations = (
				C7B8B51E1AC32D2A00948899 /* Debug */,
				C7B8B51F1AC32D2A00948899 /* Release */,
			);
			defaultConfigurationIsVisible = 0;
		};
		C7B8B5201AC32D2A00948899 /* Build configuration list for PBXNativeTarget "PizzaHunterTests" */ = {
			isa = XCConfigurationList;
			buildConfigurations = (
				C7B8B5211AC32D2A00948899 /* Debug */,
				C7B8B5221AC32D2A00948899 /* Release */,
			);
			defaultConfigurationIsVisible = 0;
		};
/* End XCConfigurationList section */
	};
	rootObject = C7B8B4F21AC32D2A00948899 /* Project object */;
}
